
Microsoft Visual Studio Solution File, Format Version 12.00
# Visual Studio 14
VisualStudioVersion = 14.0.25420.1
MinimumVisualStudioVersion = 10.0.40219.1
Project("{FAE04EC0-301F-11D3-BF4B-00C04F79EFBC}") = "SoundCard", "SoundCard\SoundCard.csproj", "{98163D96-3BF6-44A9-AF31-21A6973EA85A}"
EndProject
Project("{FAE04EC0-301F-11D3-BF4B-00C04F79EFBC}") = "ActiveXControl", "ActiveXControl\ActiveXControl.csproj", "{FB01C493-4A21-4613-AC4F-9201DBC4E6A5}"
EndProject
Global
	GlobalSection(SolutionConfigurationPlatforms) = preSolution
		Debug|Any CPU = Debug|Any CPU
		Release|Any CPU = Release|Any CPU
	EndGlobalSection
	GlobalSection(ProjectConfigurationPlatforms) = postSolution
		{98163D96-3BF6-44A9-AF31-21A6973EA85A}.Debug|Any CPU.ActiveCfg = Debug|Any CPU
		{98163D96-3BF6-44A9-AF31-21A6973EA85A}.Debug|Any CPU.Build.0 = Debug|Any CPU
		{98163D96-3BF6-44A9-AF31-21A6973EA85A}.Release|Any CPU.ActiveCfg = Release|Any CPU
		{98163D96-3BF6-44A9-AF31-21A6973EA85A}.Release|Any CPU.Build.0 = Release|Any CPU
		{FB01C493-4A21-4613-AC4F-9201DBC4E6A5}.Debug|Any CPU.ActiveCfg = Debug|Any CPU
		{FB01C493-4A21-4613-AC4F-9201DBC4E6A5}.Debug|Any CPU.Build.0 = Debug|Any CPU
		{FB01C493-4A21-4613-AC4F-9201DBC4E6A5}.Release|Any CPU.ActiveCfg = Release|Any CPU
		{FB01C493-4A21-4613-AC4F-9201DBC4E6A5}.Release|Any CPU.Build.0 = Release|Any CPU
	EndGlobalSection
	GlobalSection(SolutionProperties) = preSolution
		HideSolutionNode = FALSE
	EndGlobalSection
EndGlobal
